
Microsoft Visual Studio Solution File, Format Version 12.00
# Visual Studio Version 16
VisualStudioVersion = 16.0.31911.196
MinimumVisualStudioVersion = 10.0.40219.1
Project("{9A19103F-16F7-4668-BE54-9A1E7A4F7556}") = "MvcCoreTest", "MvcCoreTest\MvcCoreTest.csproj", "{95871019-719D-438A-84B0-EB296402CD79}"
EndProject
Project("{FAE04EC0-301F-11D3-BF4B-00C04F79EFBC}") = "Service", "Service\Service.csproj", "{B442C06C-6596-44B7-B30C-2C7DBB1646FE}"
EndProject
Project("{FAE04EC0-301F-11D3-BF4B-00C04F79EFBC}") = "Interface", "Interface\Interface.csproj", "{5AD8C817-C4BF-4BBC-A8C9-3E6C323E23B5}"
EndProject
Global
	GlobalSection(SolutionConfigurationPlatforms) = preSolution
		Debug|Any CPU = Debug|Any CPU
		Release|Any CPU = Release|Any CPU
	EndGlobalSection
	GlobalSection(ProjectConfigurationPlatforms) = postSolution
		{95871019-719D-438A-84B0-EB296402CD79}.Debug|Any CPU.ActiveCfg = Debug|Any CPU
		{95871019-719D-438A-84B0-EB296402CD79}.Debug|Any CPU.Build.0 = Debug|Any CPU
		{95871019-719D-438A-84B0-EB296402CD79}.Release|Any CPU.ActiveCfg = Release|Any CPU
		{95871019-719D-438A-84B0-EB296402CD79}.Release|Any CPU.Build.0 = Release|Any CPU
		{B442C06C-6596-44B7-B30C-2C7DBB1646FE}.Debug|Any CPU.ActiveCfg = Debug|Any CPU
		{B442C06C-6596-44B7-B30C-2C7DBB1646FE}.Debug|Any CPU.Build.0 = Debug|Any CPU
		{B442C06C-6596-44B7-B30C-2C7DBB1646FE}.Release|Any CPU.ActiveCfg = Release|Any CPU
		{B442C06C-6596-44B7-B30C-2C7DBB1646FE}.Release|Any CPU.Build.0 = Release|Any CPU
		{5AD8C817-C4BF-4BBC-A8C9-3E6C323E23B5}.Debug|Any CPU.ActiveCfg = Debug|Any CPU
		{5AD8C817-C4BF-4BBC-A8C9-3E6C323E23B5}.Debug|Any CPU.Build.0 = Debug|Any CPU
		{5AD8C817-C4BF-4BBC-A8C9-3E6C323E23B5}.Release|Any CPU.ActiveCfg = Release|Any CPU
		{5AD8C817-C4BF-4BBC-A8C9-3E6C323E23B5}.Release|Any CPU.Build.0 = Release|Any CPU
	EndGlobalSection
	GlobalSection(SolutionProperties) = preSolution
		HideSolutionNode = FALSE
	EndGlobalSection
	GlobalSection(ExtensibilityGlobals) = postSolution
		SolutionGuid = {EE529D92-5C3C-45FA-BC05-591397E493D3}
	EndGlobalSection
EndGlobal
