
Microsoft Visual Studio Solution File, Format Version 12.00
# Visual Studio Version 16
VisualStudioVersion = 16.0.31911.196
MinimumVisualStudioVersion = 10.0.40219.1
Project("{FAE04EC0-301F-11D3-BF4B-00C04F79EFBC}") = "RabbitMQ-Provider", "RabbitMQ-Provider\RabbitMQ-Provider.csproj", "{02806AE0-00B9-4F5E-A35A-BC42D7939506}"
EndProject
Project("{FAE04EC0-301F-11D3-BF4B-00C04F79EFBC}") = "RabbitMQ_Common", "RabbitMQ_Common\RabbitMQ_Common.csproj", "{C8A539E4-5573-4158-B5C5-118190E5897C}"
EndProject
Project("{FAE04EC0-301F-11D3-BF4B-00C04F79EFBC}") = "RabbitMQ_Consumer", "RabbitMQ_Consumer\RabbitMQ_Consumer.csproj", "{BC97CF15-47F2-4CBB-97D3-BD53D0651A3D}"
EndProject
Global
	GlobalSection(SolutionConfigurationPlatforms) = preSolution
		Debug|Any CPU = Debug|Any CPU
		Release|Any CPU = Release|Any CPU
	EndGlobalSection
	GlobalSection(ProjectConfigurationPlatforms) = postSolution
		{02806AE0-00B9-4F5E-A35A-BC42D7939506}.Debug|Any CPU.ActiveCfg = Debug|Any CPU
		{02806AE0-00B9-4F5E-A35A-BC42D7939506}.Debug|Any CPU.Build.0 = Debug|Any CPU
		{02806AE0-00B9-4F5E-A35A-BC42D7939506}.Release|Any CPU.ActiveCfg = Release|Any CPU
		{02806AE0-00B9-4F5E-A35A-BC42D7939506}.Release|Any CPU.Build.0 = Release|Any CPU
		{C8A539E4-5573-4158-B5C5-118190E5897C}.Debug|Any CPU.ActiveCfg = Debug|Any CPU
		{C8A539E4-5573-4158-B5C5-118190E5897C}.Debug|Any CPU.Build.0 = Debug|Any CPU
		{C8A539E4-5573-4158-B5C5-118190E5897C}.Release|Any CPU.ActiveCfg = Release|Any CPU
		{C8A539E4-5573-4158-B5C5-118190E5897C}.Release|Any CPU.Build.0 = Release|Any CPU
		{BC97CF15-47F2-4CBB-97D3-BD53D0651A3D}.Debug|Any CPU.ActiveCfg = Debug|Any CPU
		{BC97CF15-47F2-4CBB-97D3-BD53D0651A3D}.Debug|Any CPU.Build.0 = Debug|Any CPU
		{BC97CF15-47F2-4CBB-97D3-BD53D0651A3D}.Release|Any CPU.ActiveCfg = Release|Any CPU
		{BC97CF15-47F2-4CBB-97D3-BD53D0651A3D}.Release|Any CPU.Build.0 = Release|Any CPU
	EndGlobalSection
	GlobalSection(SolutionProperties) = preSolution
		HideSolutionNode = FALSE
	EndGlobalSection
	GlobalSection(ExtensibilityGlobals) = postSolution
		SolutionGuid = {63E8DBBA-28C0-42C1-8688-7AAF10948430}
	EndGlobalSection
EndGlobal
